
Microsoft Visual Studio Solution File, Format Version 12.00
# Visual Studio Version 17
VisualStudioVersion = 17.4.33205.214
MinimumVisualStudioVersion = 10.0.40219.1
Project("{9A19103F-16F7-4668-BE54-9A1E7A4F7556}") = "JsonReaderApplication", "JsonReaderApplication.csproj", "{0EEDFC37-D679-43FA-B62B-692990D83112}"
EndProject
Project("{9A19103F-16F7-4668-BE54-9A1E7A4F7556}") = "JsonMonitorService", "..\JsonMonitorService\JsonMonitorService.csproj", "{A9E72D99-A6DA-4718-916F-A036D4594959}"
EndProject
Project("{FAE04EC0-301F-11D3-BF4B-00C04F79EFBC}") = "JsonMonitorServiceTest", "..\JsonMonitorServiceTest\JsonMonitorServiceTest.csproj", "{6E397B2E-2C57-4892-850E-64D55A2AAA2C}"
EndProject
Global
	GlobalSection(SolutionConfigurationPlatforms) = preSolution
		Debug|Any CPU = Debug|Any CPU
		Release|Any CPU = Release|Any CPU
	EndGlobalSection
	GlobalSection(ProjectConfigurationPlatforms) = postSolution
		{0EEDFC37-D679-43FA-B62B-692990D83112}.Debug|Any CPU.ActiveCfg = Debug|Any CPU
		{0EEDFC37-D679-43FA-B62B-692990D83112}.Debug|Any CPU.Build.0 = Debug|Any CPU
		{0EEDFC37-D679-43FA-B62B-692990D83112}.Release|Any CPU.ActiveCfg = Release|Any CPU
		{0EEDFC37-D679-43FA-B62B-692990D83112}.Release|Any CPU.Build.0 = Release|Any CPU
		{A9E72D99-A6DA-4718-916F-A036D4594959}.Debug|Any CPU.ActiveCfg = Debug|Any CPU
		{A9E72D99-A6DA-4718-916F-A036D4594959}.Debug|Any CPU.Build.0 = Debug|Any CPU
		{A9E72D99-A6DA-4718-916F-A036D4594959}.Release|Any CPU.ActiveCfg = Release|Any CPU
		{A9E72D99-A6DA-4718-916F-A036D4594959}.Release|Any CPU.Build.0 = Release|Any CPU
		{6E397B2E-2C57-4892-850E-64D55A2AAA2C}.Debug|Any CPU.ActiveCfg = Debug|Any CPU
		{6E397B2E-2C57-4892-850E-64D55A2AAA2C}.Debug|Any CPU.Build.0 = Debug|Any CPU
		{6E397B2E-2C57-4892-850E-64D55A2AAA2C}.Release|Any CPU.ActiveCfg = Release|Any CPU
		{6E397B2E-2C57-4892-850E-64D55A2AAA2C}.Release|Any CPU.Build.0 = Release|Any CPU
	EndGlobalSection
	GlobalSection(SolutionProperties) = preSolution
		HideSolutionNode = FALSE
	EndGlobalSection
	GlobalSection(ExtensibilityGlobals) = postSolution
		SolutionGuid = {F0BDDD6E-A181-4DD6-996C-2B8D3B63D3CC}
	EndGlobalSection
EndGlobal
